
Microsoft Visual Studio Solution File, Format Version 12.00
# Visual Studio 15
VisualStudioVersion = 15.0.28307.572
MinimumVisualStudioVersion = 10.0.40219.1
Project("{FAE04EC0-301F-11D3-BF4B-00C04F79EFBC}") = "CardGame_SangwonJin", "CardGame_SangwonJin\CardGame_SangwonJin.csproj", "{1AD02482-0AA0-42CA-9233-2C5C19BCD674}"
EndProject
Project("{FAE04EC0-301F-11D3-BF4B-00C04F79EFBC}") = "CardClass", "CardClass\CardClass.csproj", "{054A9361-79EC-42E4-B4C2-D1EC13A233D4}"
EndProject
Global
	GlobalSection(SolutionConfigurationPlatforms) = preSolution
		Debug|Any CPU = Debug|Any CPU
		Release|Any CPU = Release|Any CPU
	EndGlobalSection
	GlobalSection(ProjectConfigurationPlatforms) = postSolution
		{1AD02482-0AA0-42CA-9233-2C5C19BCD674}.Debug|Any CPU.ActiveCfg = Debug|Any CPU
		{1AD02482-0AA0-42CA-9233-2C5C19BCD674}.Debug|Any CPU.Build.0 = Debug|Any CPU
		{1AD02482-0AA0-42CA-9233-2C5C19BCD674}.Release|Any CPU.ActiveCfg = Release|Any CPU
		{1AD02482-0AA0-42CA-9233-2C5C19BCD674}.Release|Any CPU.Build.0 = Release|Any CPU
		{054A9361-79EC-42E4-B4C2-D1EC13A233D4}.Debug|Any CPU.ActiveCfg = Debug|Any CPU
		{054A9361-79EC-42E4-B4C2-D1EC13A233D4}.Debug|Any CPU.Build.0 = Debug|Any CPU
		{054A9361-79EC-42E4-B4C2-D1EC13A233D4}.Release|Any CPU.ActiveCfg = Release|Any CPU
		{054A9361-79EC-42E4-B4C2-D1EC13A233D4}.Release|Any CPU.Build.0 = Release|Any CPU
	EndGlobalSection
	GlobalSection(SolutionProperties) = preSolution
		HideSolutionNode = FALSE
	EndGlobalSection
	GlobalSection(ExtensibilityGlobals) = postSolution
		SolutionGuid = {EDA877AE-AA06-4EB1-8FFE-E7346BB3C177}
	EndGlobalSection
EndGlobal
